// !$*UTF8*$!
{
	archiveVersion = 1;
	classes = {
	};
	objectVersion = 50;
	objects = {

/* Begin PBXBuildFile section */
		06AADA172264FFE300613B13 /* AppDelegate.swift in Sources */ = {isa = PBXBuildFile; fileRef = 06AADA162264FFE300613B13 /* AppDelegate.swift */; };
		06AADA192264FFE300613B13 /* ViewController.swift in Sources */ = {isa = PBXBuildFile; fileRef = 06AADA182264FFE300613B13 /* ViewController.swift */; };
		06AADA1C2264FFE300613B13 /* Main.storyboard in Resources */ = {isa = PBXBuildFile; fileRef = 06AADA1A2264FFE300613B13 /* Main.storyboard */; };
		06AADA1E2264FFE300613B13 /* Assets.xcassets in Resources */ = {isa = PBXBuildFile; fileRef = 06AADA1D2264FFE300613B13 /* Assets.xcassets */; };
		06AADA212264FFE300613B13 /* LaunchScreen.storyboard in Resources */ = {isa = PBXBuildFile; fileRef = 06AADA1F2264FFE300613B13 /* LaunchScreen.storyboard */; };
		06AADA2C2264FFE300613B13 /* Project_TwoTests.swift in Sources */ = {isa = PBXBuildFile; fileRef = 06AADA2B2264FFE300613B13 /* Project_TwoTests.swift */; };
		06AADA372264FFE400613B13 /* Project_TwoUITests.swift in Sources */ = {isa = PBXBuildFile; fileRef = 06AADA362264FFE400613B13 /* Project_TwoUITests.swift */; };
		06AADA452265015B00613B13 /* ChopViewController.swift in Sources */ = {isa = PBXBuildFile; fileRef = 06AADA442265015B00613B13 /* ChopViewController.swift */; };
		06AADA472265034700613B13 /* DateViewController.swift in Sources */ = {isa = PBXBuildFile; fileRef = 06AADA462265034700613B13 /* DateViewController.swift */; };
/* End PBXBuildFile section */

/* Begin PBXContainerItemProxy section */
		06AADA282264FFE300613B13 /* PBXContainerItemProxy */ = {
			isa = PBXContainerItemProxy;
			containerPortal = 06AADA0B2264FFE300613B13 /* Project object */;
			proxyType = 1;
			remoteGlobalIDString = 06AADA122264FFE300613B13;
			remoteInfo = "Project Two";
		};
		06AADA332264FFE400613B13 /* PBXContainerItemProxy */ = {
			isa = PBXContainerItemProxy;
			containerPortal = 06AADA0B2264FFE300613B13 /* Project object */;
			proxyType = 1;
			remoteGlobalIDString = 06AADA122264FFE300613B13;
			remoteInfo = "Project Two";
		};
/* End PBXContainerItemProxy section */

/* Begin PBXFileReference section */
		06AADA132264FFE300613B13 /* Project Two.app */ = {isa = PBXFileReference; explicitFileType = wrapper.application; includeInIndex = 0; path = "Project Two.app"; sourceTree = BUILT_PRODUCTS_DIR; };
		06AADA162264FFE300613B13 /* AppDelegate.swift */ = {isa = PBXFileReference; lastKnownFileType = sourcecode.swift; path = AppDelegate.swift; sourceTree = "<group>"; };
		06AADA182264FFE300613B13 /* ViewController.swift */ = {isa = PBXFileReference; lastKnownFileType = sourcecode.swift; path = ViewController.swift; sourceTree = "<group>"; };
		06AADA1B2264FFE300613B13 /* Base */ = {isa = PBXFileReference; lastKnownFileType = file.storyboard; name = Base; path = Base.lproj/Main.storyboard; sourceTree = "<group>"; };
		06AADA1D2264FFE300613B13 /* Assets.xcassets */ = {isa = PBXFileReference; lastKnownFileType = folder.assetcatalog; path = Assets.xcassets; sourceTree = "<group>"; };
		06AADA202264FFE300613B13 /* Base */ = {isa = PBXFileReference; lastKnownFileType = file.storyboard; name = Base; path = Base.lproj/LaunchScreen.storyboard; sourceTree = "<group>"; };
		06AADA222264FFE300613B13 /* Info.plist */ = {isa = PBXFileReference; lastKnownFileType = text.plist.xml; path = Info.plist; sourceTree = "<group>"; };
		06AADA272264FFE300613B13 /* Project TwoTests.xctest */ = {isa = PBXFileReference; explicitFileType = wrapper.cfbundle; includeInIndex = 0; path = "Project TwoTests.xctest"; sourceTree = BUILT_PRODUCTS_DIR; };
		06AADA2B2264FFE300613B13 /* Project_TwoTests.swift */ = {isa = PBXFileReference; lastKnownFileType = sourcecode.swift; path = Project_TwoTests.swift; sourceTree = "<group>"; };
		06AADA2D2264FFE300613B13 /* Info.plist */ = {isa = PBXFileReference; lastKnownFileType = text.plist.xml; path = Info.plist; sourceTree = "<group>"; };
		06AADA322264FFE400613B13 /* Project TwoUITests.xctest */ = {isa = PBXFileReference; explicitFileType = wrapper.cfbundle; includeInIndex = 0; path = "Project TwoUITests.xctest"; sourceTree = BUILT_PRODUCTS_DIR; };
		06AADA362264FFE400613B13 /* Project_TwoUITests.swift */ = {isa = PBXFileReference; lastKnownFileType = sourcecode.swift; path = Project_TwoUITests.swift; sourceTree = "<group>"; };
		06AADA382264FFE400613B13 /* Info.plist */ = {isa = PBXFileReference; lastKnownFileType = text.plist.xml; path = Info.plist; sourceTree = "<group>"; };
		06AADA442265015B00613B13 /* ChopViewController.swift */ = {isa = PBXFileReference; lastKnownFileType = sourcecode.swift; path = ChopViewController.swift; sourceTree = "<group>"; };
		06AADA462265034700613B13 /* DateViewController.swift */ = {isa = PBXFileReference; lastKnownFileType = sourcecode.swift; path = DateViewController.swift; sourceTree = "<group>"; };
/* End PBXFileReference section */

/* Begin PBXFrameworksBuildPhase section */
		06AADA102264FFE300613B13 /* Frameworks */ = {
			isa = PBXFrameworksBuildPhase;
			buildActionMask = 2147483647;
			files = (
			);
			runOnlyForDeploymentPostprocessing = 0;
		};
		06AADA242264FFE300613B13 /* Frameworks */ = {
			isa = PBXFrameworksBuildPhase;
			buildActionMask = 2147483647;
			files = (
			);
			runOnlyForDeploymentPostprocessing = 0;
		};
		06AADA2F2264FFE400613B13 /* Frameworks */ = {
			isa = PBXFrameworksBuildPhase;
			buildActionMask = 2147483647;
			files = (
			);
			runOnlyForDeploymentPostprocessing = 0;
		};
/* End PBXFrameworksBuildPhase section */

/* Begin PBXGroup section */
		06AADA0A2264FFE300613B13 = {
			isa = PBXGroup;
			children = (
				06AADA152264FFE300613B13 /* Project Two */,
				06AADA2A2264FFE300613B13 /* Project TwoTests */,
				06AADA352264FFE400613B13 /* Project TwoUITests */,
				06AADA142264FFE300613B13 /* Products */,
			);
			sourceTree = "<group>";
		};
		06AADA142264FFE300613B13 /* Products */ = {
			isa = PBXGroup;
			children = (
				06AADA132264FFE300613B13 /* Project Two.app */,
				06AADA272264FFE300613B13 /* Project TwoTests.xctest */,
				06AADA322264FFE400613B13 /* Project TwoUITests.xctest */,
			);
			name = Products;
			sourceTree = "<group>";
		};
		06AADA152264FFE300613B13 /* Project Two */ = {
			isa = PBXGroup;
			children = (
				06AADA162264FFE300613B13 /* AppDelegate.swift */,
				06AADA182264FFE300613B13 /* ViewController.swift */,
				06AADA442265015B00613B13 /* ChopViewController.swift */,
				06AADA1A2264FFE300613B13 /* Main.storyboard */,
				06AADA462265034700613B13 /* DateViewController.swift */,
				06AADA1D2264FFE300613B13 /* Assets.xcassets */,
				06AADA1F2264FFE300613B13 /* LaunchScreen.storyboard */,
				06AADA222264FFE300613B13 /* Info.plist */,
			);
			path = "Project Two";
			sourceTree = "<group>";
		};
		06AADA2A2264FFE300613B13 /* Project TwoTests */ = {
			isa = PBXGroup;
			children = (
				06AADA2B2264FFE300613B13 /* Project_TwoTests.swift */,
				06AADA2D2264FFE300613B13 /* Info.plist */,
			);
			path = "Project TwoTests";
			sourceTree = "<group>";
		};
		06AADA352264FFE400613B13 /* Project TwoUITests */ = {
			isa = PBXGroup;
			children = (
				06AADA362264FFE400613B13 /* Project_TwoUITests.swift */,
				06AADA382264FFE400613B13 /* Info.plist */,
			);
			path = "Project TwoUITests";
			sourceTree = "<group>";
		};
/* End PBXGroup section */

/* Begin PBXNativeTarget section */
		06AADA122264FFE300613B13 /* Project Two */ = {
			isa = PBXNativeTarget;
			buildConfigurationList = 06AADA3B2264FFE400613B13 /* Build configuration list for PBXNativeTarget "Project Two" */;
			buildPhases = (
				06AADA0F2264FFE300613B13 /* Sources */,
				06AADA102264FFE300613B13 /* Frameworks */,
				06AADA112264FFE300613B13 /* Resources */,
			);
			buildRules = (
			);
			dependencies = (
			);
			name = "Project Two";
			productName = "Project Two";
			productReference = 06AADA132264FFE300613B13 /* Project Two.app */;
			productType = "com.apple.product-type.application";
		};
		06AADA262264FFE300613B13 /* Project TwoTests */ = {
			isa = PBXNativeTarget;
			buildConfigurationList = 06AADA3E2264FFE400613B13 /* Build configuration list for PBXNativeTarget "Project TwoTests" */;
			buildPhases = (
				06AADA232264FFE300613B13 /* Sources */,
				06AADA242264FFE300613B13 /* Frameworks */,
				06AADA252264FFE300613B13 /* Resources */,
			);
			buildRules = (
			);
			dependencies = (
				06AADA292264FFE300613B13 /* PBXTargetDependency */,
			);
			name = "Project TwoTests";
			productName = "Project TwoTests";
			productReference = 06AADA272264FFE300613B13 /* Project TwoTests.xctest */;
			productType = "com.apple.product-type.bundle.unit-test";
		};
		06AADA312264FFE400613B13 /* Project TwoUITests */ = {
			isa = PBXNativeTarget;
			buildConfigurationList = 06AADA412264FFE400613B13 /* Build configuration list for PBXNativeTarget "Project TwoUITests" */;
			buildPhases = (
				06AADA2E2264FFE400613B13 /* Sources */,
				06AADA2F2264FFE400613B13 /* Frameworks */,
				06AADA302264FFE400613B13 /* Resources */,
			);
			buildRules = (
			);
			dependencies = (
				06AADA342264FFE400613B13 /* PBXTargetDependency */,
			);
			name = "Project TwoUITests";
			productName = "Project TwoUITests";
			productReference = 06AADA322264FFE400613B13 /* Project TwoUITests.xctest */;
			productType = "com.apple.product-type.bundle.ui-testing";
		};
/* End PBXNativeTarget section */

/* Begin PBXProject section */
		06AADA0B2264FFE300613B13 /* Project object */ = {
			isa = PBXProject;
			attributes = {
				LastSwiftUpdateCheck = 1010;
				LastUpgradeCheck = 1010;
				ORGANIZATIONNAME = "Ginigeme, Benn Junior N";
				TargetAttributes = {
					06AADA122264FFE300613B13 = {
						CreatedOnToolsVersion = 10.1;
					};
					06AADA262264FFE300613B13 = {
						CreatedOnToolsVersion = 10.1;
						TestTargetID = 06AADA122264FFE300613B13;
					};
					06AADA312264FFE400613B13 = {
						CreatedOnToolsVersion = 10.1;
						TestTargetID = 06AADA122264FFE300613B13;
					};
				};
			};
			buildConfigurationList = 06AADA0E2264FFE300613B13 /* Build configuration list for PBXProject "Project Two" */;
			compatibilityVersion = "Xcode 9.3";
			developmentRegion = en;
			hasScannedForEncodings = 0;
			knownRegions = (
				en,
				Base,
			);
			mainGroup = 06AADA0A2264FFE300613B13;
			productRefGroup = 06AADA142264FFE300613B13 /* Products */;
			projectDirPath = "";
			projectRoot = "";
			targets = (
				06AADA122264FFE300613B13 /* Project Two */,
				06AADA262264FFE300613B13 /* Project TwoTests */,
				06AADA312264FFE400613B13 /* Project TwoUITests */,
			);
		};
/* End PBXProject section */

/* Begin PBXResourcesBuildPhase section */
		06AADA112264FFE300613B13 /* Resources */ = {
			isa = PBXResourcesBuildPhase;
			buildActionMask = 2147483647;
			files = (
				06AADA212264FFE300613B13 /* LaunchScreen.storyboard in Resources */,
				06AADA1E2264FFE300613B13 /* Assets.xcassets in Resources */,
				06AADA1C2264FFE300613B13 /* Main.storyboard in Resources */,
			);
			runOnlyForDeploymentPostprocessing = 0;
		};
		06AADA252264FFE300613B13 /* Resources */ = {
			isa = PBXResourcesBuildPhase;
			buildActionMask = 2147483647;
			files = (
			);
			runOnlyForDeploymentPostprocessing = 0;
		};
		06AADA302264FFE400613B13 /* Resources */ = {
			isa = PBXResourcesBuildPhase;
			buildActionMask = 2147483647;
			files = (
			);
			runOnlyForDeploymentPostprocessing = 0;
		};
/* End PBXResourcesBuildPhase section */

/* Begin PBXSourcesBuildPhase section */
		06AADA0F2264FFE300613B13 /* Sources */ = {
			isa = PBXSourcesBuildPhase;
			buildActionMask = 2147483647;
			files = (
				06AADA472265034700613B13 /* DateViewController.swift in Sources */,
				06AADA452265015B00613B13 /* ChopViewController.swift in Sources */,
				06AADA192264FFE300613B13 /* ViewController.swift in Sources */,
				06AADA172264FFE300613B13 /* AppDelegate.swift in Sources */,
			);
			runOnlyForDeploymentPostprocessing = 0;
		};
		06AADA232264FFE300613B13 /* Sources */ = {
			isa = PBXSourcesBuildPhase;
			buildActionMask = 2147483647;
			files = (
				06AADA2C2264FFE300613B13 /* Project_TwoTests.swift in Sources */,
			);
			runOnlyForDeploymentPostprocessing = 0;
		};
		06AADA2E2264FFE400613B13 /* Sources */ = {
			isa = PBXSourcesBuildPhase;
			buildActionMask = 2147483647;
			files = (
				06AADA372264FFE400613B13 /* Project_TwoUITests.swift in Sources */,
			);
			runOnlyForDeploymentPostprocessing = 0;
		};
/* End PBXSourcesBuildPhase section */

/* Begin PBXTargetDependency section */
		06AADA292264FFE300613B13 /* PBXTargetDependency */ = {
			isa = PBXTargetDependency;
			target = 06AADA122264FFE300613B13 /* Project Two */;
			targetProxy = 06AADA282264FFE300613B13 /* PBXContainerItemProxy */;
		};
		06AADA342264FFE400613B13 /* PBXTargetDependency */ = {
			isa = PBXTargetDependency;
			target = 06AADA122264FFE300613B13 /* Project Two */;
			targetProxy = 06AADA332264FFE400613B13 /* PBXContainerItemProxy */;
		};
/* End PBXTargetDependency section */

/* Begin PBXVariantGroup section */
		06AADA1A2264FFE300613B13 /* Main.storyboard */ = {
			isa = PBXVariantGroup;
			children = (
				06AADA1B2264FFE300613B13 /* Base */,
			);
			name = Main.storyboard;
			sourceTree = "<group>";
		};
		06AADA1F2264FFE300613B13 /* LaunchScreen.storyboard */ = {
			isa = PBXVariantGroup;
			children = (
				06AADA202264FFE300613B13 /* Base */,
			);
			name = LaunchScreen.storyboard;
			sourceTree = "<group>";
		};
/* End PBXVariantGroup section */

/* Begin XCBuildConfiguration section */
		06AADA392264FFE400613B13 /* Debug */ = {
			isa = XCBuildConfiguration;
			buildSettings = {
				ALWAYS_SEARCH_USER_PATHS = NO;
				CLANG_ANALYZER_NONNULL = YES;
				CLANG_ANALYZER_NUMBER_OBJECT_CONVERSION = YES_AGGRESSIVE;
				CLANG_CXX_LANGUAGE_STANDARD = "gnu++14";
				CLANG_CXX_LIBRARY = "libc++";
				CLANG_ENABLE_MODULES = YES;
				CLANG_ENABLE_OBJC_ARC = YES;
				CLANG_ENABLE_OBJC_WEAK = YES;
				CLANG_WARN_BLOCK_CAPTURE_AUTORELEASING = YES;
				CLANG_WARN_BOOL_CONVERSION = YES;
				CLANG_WARN_COMMA = YES;
				CLANG_WARN_CONSTANT_CONVERSION = YES;
				CLANG_WARN_DEPRECATED_OBJC_IMPLEMENTATIONS = YES;
				CLANG_WARN_DIRECT_OBJC_ISA_USAGE = YES_ERROR;
				CLANG_WARN_DOCUMENTATION_COMMENTS = YES;
				CLANG_WARN_EMPTY_BODY = YES;
				CLANG_WARN_ENUM_CONVERSION = YES;
				CLANG_WARN_INFINITE_RECURSION = YES;
				CLANG_WARN_INT_CONVERSION = YES;
				CLANG_WARN_NON_LITERAL_NULL_CONVERSION = YES;
				CLANG_WARN_OBJC_IMPLICIT_RETAIN_SELF = YES;
				CLANG_WARN_OBJC_LITERAL_CONVERSION = YES;
				CLANG_WARN_OBJC_ROOT_CLASS = YES_ERROR;
				CLANG_WARN_RANGE_LOOP_ANALYSIS = YES;
				CLANG_WARN_STRICT_PROTOTYPES = YES;
				CLANG_WARN_SUSPICIOUS_MOVE = YES;
				CLANG_WARN_UNGUARDED_AVAILABILITY = YES_AGGRESSIVE;
				CLANG_WARN_UNREACHABLE_CODE = YES;
				CLANG_WARN__DUPLICATE_METHOD_MATCH = YES;
				CODE_SIGN_IDENTITY = "iPhone Developer";
				COPY_PHASE_STRIP = NO;
				DEBUG_INFORMATION_FORMAT = dwarf;
				ENABLE_STRICT_OBJC_MSGSEND = YES;
				ENABLE_TESTABILITY = YES;
				GCC_C_LANGUAGE_STANDARD = gnu11;
				GCC_DYNAMIC_NO_PIC = NO;
				GCC_NO_COMMON_BLOCKS = YES;
				GCC_OPTIMIZATION_LEVEL = 0;
				GCC_PREPROCESSOR_DEFINITIONS = (
					"DEBUG=1",
					"$(inherited)",
				);
				GCC_WARN_64_TO_32_BIT_CONVERSION = YES;
				GCC_WARN_ABOUT_RETURN_TYPE = YES_ERROR;
				GCC_WARN_UNDECLARED_SELECTOR = YES;
				GCC_WARN_UNINITIALIZED_AUTOS = YES_AGGRESSIVE;
				GCC_WARN_UNUSED_FUNCTION = YES;
				GCC_WARN_UNUSED_VARIABLE = YES;
				IPHONEOS_DEPLOYMENT_TARGET = 12.1;
				MTL_ENABLE_DEBUG_INFO = INCLUDE_SOURCE;
				MTL_FAST_MATH = YES;
				ONLY_ACTIVE_ARCH = YES;
				SDKROOT = iphoneos;
				SWIFT_ACTIVE_COMPILATION_CONDITIONS = DEBUG;
				SWIFT_OPTIMIZATION_LEVEL = "-Onone";
			};
			name = Debug;
		};
		06AADA3A2264FFE400613B13 /* Release */ = {
			isa = XCBuildConfiguration;
			buildSettings = {
				ALWAYS_SEARCH_USER_PATHS = NO;
				CLANG_ANALYZER_NONNULL = YES;
				CLANG_ANALYZER_NUMBER_OBJECT_CONVERSION = YES_AGGRESSIVE;
				CLANG_CXX_LANGUAGE_STANDARD = "gnu++14";
				CLANG_CXX_LIBRARY = "libc++";
				CLANG_ENABLE_MODULES = YES;
				CLANG_ENABLE_OBJC_ARC = YES;
				CLANG_ENABLE_OBJC_WEAK = YES;
				CLANG_WARN_BLOCK_CAPTURE_AUTORELEASING = YES;
				CLANG_WARN_BOOL_CONVERSION = YES;
				CLANG_WARN_COMMA = YES;
				CLANG_WARN_CONSTANT_CONVERSION = YES;
				CLANG_WARN_DEPRECATED_OBJC_IMPLEMENTATIONS = YES;
				CLANG_WARN_DIRECT_OBJC_ISA_USAGE = YES_ERROR;
				CLANG_WARN_DOCUMENTATION_COMMENTS = YES;
				CLANG_WARN_EMPTY_BODY = YES;
				CLANG_WARN_ENUM_CONVERSION = YES;
				CLANG_WARN_INFINITE_RECURSION = YES;
				CLANG_WARN_INT_CONVERSION = YES;
				CLANG_WARN_NON_LITERAL_NULL_CONVERSION = YES;
				CLANG_WARN_OBJC_IMPLICIT_RETAIN_SELF = YES;
				CLANG_WARN_OBJC_LITERAL_CONVERSION = YES;
				CLANG_WARN_OBJC_ROOT_CLASS = YES_ERROR;
				CLANG_WARN_RANGE_LOOP_ANALYSIS = YES;
				CLANG_WARN_STRICT_PROTOTYPES = YES;
				CLANG_WARN_SUSPICIOUS_MOVE = YES;
				CLANG_WARN_UNGUARDED_AVAILABILITY = YES_AGGRESSIVE;
				CLANG_WARN_UNREACHABLE_CODE = YES;
				CLANG_WARN__DUPLICATE_METHOD_MATCH = YES;
				CODE_SIGN_IDENTITY = "iPhone Developer";
				COPY_PHASE_STRIP = NO;
				DEBUG_INFORMATION_FORMAT = "dwarf-with-dsym";
				ENABLE_NS_ASSERTIONS = NO;
				ENABLE_STRICT_OBJC_MSGSEND = YES;
				GCC_C_LANGUAGE_STANDARD = gnu11;
				GCC_NO_COMMON_BLOCKS = YES;
				GCC_WARN_64_TO_32_BIT_CONVERSION = YES;
				GCC_WARN_ABOUT_RETURN_TYPE = YES_ERROR;
				GCC_WARN_UNDECLARED_SELECTOR = YES;
				GCC_WARN_UNINITIALIZED_AUTOS = YES_AGGRESSIVE;
				GCC_WARN_UNUSED_FUNCTION = YES;
				GCC_WARN_UNUSED_VARIABLE = YES;
				IPHONEOS_DEPLOYMENT_TARGET = 12.1;
				MTL_ENABLE_DEBUG_INFO = NO;
				MTL_FAST_MATH = YES;
				SDKROOT = iphoneos;
				SWIFT_COMPILATION_MODE = wholemodule;
				SWIFT_OPTIMIZATION_LEVEL = "-O";
				VALIDATE_PRODUCT = YES;
			};
			name = Release;
		};
		06AADA3C2264FFE400613B13 /* Debug */ = {
			isa = XCBuildConfiguration;
			buildSettings = {
				ASSETCATALOG_COMPILER_APPICON_NAME = AppIcon;
				CODE_SIGN_STYLE = Automatic;
				INFOPLIST_FILE = "Project Two/Info.plist";
				LD_RUNPATH_SEARCH_PATHS = (
					"$(inherited)",
					"@executable_path/Frameworks",
				);
				PRODUCT_BUNDLE_IDENTIFIER = "com.bennj.Project-Two";
				PRODUCT_NAME = "$(TARGET_NAME)";
				SWIFT_VERSION = 4.2;
				TARGETED_DEVICE_FAMILY = "1,2";
			};
			name = Debug;
		};
		06AADA3D2264FFE400613B13 /* Release */ = {
			isa = XCBuildConfiguration;
			buildSettings = {
				ASSETCATALOG_COMPILER_APPICON_NAME = AppIcon;
				CODE_SIGN_STYLE = Automatic;
				INFOPLIST_FILE = "Project Two/Info.plist";
				LD_RUNPATH_SEARCH_PATHS = (
					"$(inherited)",
					"@executable_path/Frameworks",
				);
				PRODUCT_BUNDLE_IDENTIFIER = "com.bennj.Project-Two";
				PRODUCT_NAME = "$(TARGET_NAME)";
				SWIFT_VERSION = 4.2;
				TARGETED_DEVICE_FAMILY = "1,2";
			};
			name = Release;
		};
		06AADA3F2264FFE400613B13 /* Debug */ = {
			isa = XCBuildConfiguration;
			buildSettings = {
				ALWAYS_EMBED_SWIFT_STANDARD_LIBRARIES = YES;
				BUNDLE_LOADER = "$(TEST_HOST)";
				CODE_SIGN_STYLE = Automatic;
				INFOPLIST_FILE = "Project TwoTests/Info.plist";
				LD_RUNPATH_SEARCH_PATHS = (
					"$(inherited)",
					"@executable_path/Frameworks",
					"@loader_path/Frameworks",
				);
				PRODUCT_BUNDLE_IDENTIFIER = "com.bennj.Project-TwoTests";
				PRODUCT_NAME = "$(TARGET_NAME)";
				SWIFT_VERSION = 4.2;
				TARGETED_DEVICE_FAMILY = "1,2";
				TEST_HOST = "$(BUILT_PRODUCTS_DIR)/Project Two.app/Project Two";
			};
			name = Debug;
		};
		06AADA402264FFE400613B13 /* Release */ = {
			isa = XCBuildConfiguration;
			buildSettings = {
				ALWAYS_EMBED_SWIFT_STANDARD_LIBRARIES = YES;
				BUNDLE_LOADER = "$(TEST_HOST)";
				CODE_SIGN_STYLE = Automatic;
				INFOPLIST_FILE = "Project TwoTests/Info.plist";
				LD_RUNPATH_SEARCH_PATHS = (
					"$(inherited)",
					"@executable_path/Frameworks",
					"@loader_path/Frameworks",
				);
				PRODUCT_BUNDLE_IDENTIFIER = "com.bennj.Project-TwoTests";
				PRODUCT_NAME = "$(TARGET_NAME)";
				SWIFT_VERSION = 4.2;
				TARGETED_DEVICE_FAMILY = "1,2";
				TEST_HOST = "$(BUILT_PRODUCTS_DIR)/Project Two.app/Project Two";
			};
			name = Release;
		};
		06AADA422264FFE400613B13 /* Debug */ = {
			isa = XCBuildConfiguration;
			buildSettings = {
				ALWAYS_EMBED_SWIFT_STANDARD_LIBRARIES = YES;
				CODE_SIGN_STYLE = Automatic;
				INFOPLIST_FILE = "Project TwoUITests/Info.plist";
				LD_RUNPATH_SEARCH_PATHS = (
					"$(inherited)",
					"@executable_path/Frameworks",
					"@loader_path/Frameworks",
				);
				PRODUCT_BUNDLE_IDENTIFIER = "com.bennj.Project-TwoUITests";
				PRODUCT_NAME = "$(TARGET_NAME)";
				SWIFT_VERSION = 4.2;
				TARGETED_DEVICE_FAMILY = "1,2";
				TEST_TARGET_NAME = "Project Two";
			};
			name = Debug;
		};
		06AADA432264FFE400613B13 /* Release */ = {
			isa = XCBuildConfiguration;
			buildSettings = {
				ALWAYS_EMBED_SWIFT_STANDARD_LIBRARIES = YES;
				CODE_SIGN_STYLE = Automatic;
				INFOPLIST_FILE = "Project TwoUITests/Info.plist";
				LD_RUNPATH_SEARCH_PATHS = (
					"$(inherited)",
					"@executable_path/Frameworks",
					"@loader_path/Frameworks",
				);
				PRODUCT_BUNDLE_IDENTIFIER = "com.bennj.Project-TwoUITests";
				PRODUCT_NAME = "$(TARGET_NAME)";
				SWIFT_VERSION = 4.2;
				TARGETED_DEVICE_FAMILY = "1,2";
				TEST_TARGET_NAME = "Project Two";
			};
			name = Release;
		};
/* End XCBuildConfiguration section */

/* Begin XCConfigurationList section */
		06AADA0E2264FFE300613B13 /* Build configuration list for PBXProject "Project Two" */ = {
			isa = XCConfigurationList;
			buildConfigurations = (
				06AADA392264FFE400613B13 /* Debug */,
				06AADA3A2264FFE400613B13 /* Release */,
			);
			defaultConfigurationIsVisible = 0;
			defaultConfigurationName = Release;
		};
		06AADA3B2264FFE400613B13 /* Build configuration list for PBXNativeTarget "Project Two" */ = {
			isa = XCConfigurationList;
			buildConfigurations = (
				06AADA3C2264FFE400613B13 /* Debug */,
				06AADA3D2264FFE400613B13 /* Release */,
			);
			defaultConfigurationIsVisible = 0;
			defaultConfigurationName = Release;
		};
		06AADA3E2264FFE400613B13 /* Build configuration list for PBXNativeTarget "Project TwoTests" */ = {
			isa = XCConfigurationList;
			buildConfigurations = (
				06AADA3F2264FFE400613B13 /* Debug */,
				06AADA402264FFE400613B13 /* Release */,
			);
			defaultConfigurationIsVisible = 0;
			defaultConfigurationName = Release;
		};
		06AADA412264FFE400613B13 /* Build configuration list for PBXNativeTarget "Project TwoUITests" */ = {
			isa = XCConfigurationList;
			buildConfigurations = (
				06AADA422264FFE400613B13 /* Debug */,
				06AADA432264FFE400613B13 /* Release */,
			);
			defaultConfigurationIsVisible = 0;
			defaultConfigurationName = Release;
		};
/* End XCConfigurationList section */
	};
	rootObject = 06AADA0B2264FFE300613B13 /* Project object */;
}
